{
  "version": 4,
  "terraform_version": "1.14.0",
  "serial": 69,
  "lineage": "9550f099-9685-e903-412e-24e6ad810c99",
  "outputs": {
    "artifact_registry_repo": {
      "value": "bennutritioniste-ai-docker-repo",
      "type": "string"
    },
    "cloud_run_url": {
      "value": "https://instagram-agent-3ow3adr3na-uk.a.run.app",
      "type": "string"
    },
    "firestore_location": {
      "value": "us-east4",
      "type": "string"
    },
    "gcs_bucket": {
      "value": "bennutritioniste-ai-dev-videos",
      "type": "string"
    },
    "service_account_email": {
      "value": "instagram-agent-dev-sa@bennutritioniste-ai.iam.gserviceaccount.com",
      "type": "string"
    }
  },
  "resources": [
    {
      "mode": "managed",
      "type": "google_artifact_registry_repository",
      "name": "docker_repo",
      "provider": "provider[\"registry.terraform.io/hashicorp/google-beta\"]",
      "instances": [
        {
          "schema_version": 0,
          "attributes": {
            "cleanup_policies": [],
            "cleanup_policy_dry_run": false,
            "create_time": "2025-11-30T18:27:49.891369Z",
            "description": "Artifact Registry for containers",
            "docker_config": [],
            "effective_labels": {
              "goog-terraform-provisioned": "true"
            },
            "format": "DOCKER",
            "id": "projects/bennutritioniste-ai/locations/us-east4/repositories/bennutritioniste-ai-docker-repo",
            "kms_key_name": "",
            "labels": {},
            "location": "us-east4",
            "maven_config": [],
            "mode": "STANDARD_REPOSITORY",
            "name": "bennutritioniste-ai-docker-repo",
            "project": "bennutritioniste-ai",
            "registry_uri": "us-east4-docker.pkg.dev/bennutritioniste-ai/bennutritioniste-ai-docker-repo",
            "remote_repository_config": [],
            "repository_id": "bennutritioniste-ai-docker-repo",
            "terraform_labels": {
              "goog-terraform-provisioned": "true"
            },
            "timeouts": null,
            "update_time": "2025-11-30T19:00:58.522529Z",
            "virtual_repository_config": [],
            "vulnerability_scanning_config": [
              {
                "enablement_config": "",
                "enablement_state": "SCANNING_DISABLED",
                "enablement_state_reason": "API containerscanning.googleapis.com is not enabled."
              }
            ]
          },
          "sensitive_attributes": [],
          "identity_schema_version": 0,
          "private": "eyJlMmJmYjczMC1lY2FhLTExZTYtOGY4OC0zNDM2M2JjN2M0YzAiOnsiY3JlYXRlIjoxMjAwMDAwMDAwMDAwLCJkZWxldGUiOjEyMDAwMDAwMDAwMDAsInVwZGF0ZSI6MTIwMDAwMDAwMDAwMH19"
        }
      ]
    },
    {
      "mode": "managed",
      "type": "google_cloud_run_service",
      "name": "service",
      "provider": "provider[\"registry.terraform.io/hashicorp/google\"]",
      "instances": [
        {
          "schema_version": 2,
          "attributes": {
            "autogenerate_revision_name": true,
            "id": "locations/us-east4/namespaces/bennutritioniste-ai/services/instagram-agent",
            "location": "us-east4",
            "metadata": [
              {
                "annotations": {},
                "effective_annotations": {
                  "run.googleapis.com/client-name": "gcloud",
                  "run.googleapis.com/client-version": "532.0.0",
                  "run.googleapis.com/ingress": "all",
                  "run.googleapis.com/ingress-status": "all",
                  "run.googleapis.com/operation-id": "43911cab-2435-40f3-87e4-05b780b82faf",
                  "run.googleapis.com/urls": "[\"https://instagram-agent-159044106998.us-east4.run.app\",\"https://instagram-agent-3ow3adr3na-uk.a.run.app\"]",
                  "serving.knative.dev/creator": "terraform-sa@bennutritioniste-ai.iam.gserviceaccount.com",
                  "serving.knative.dev/lastModifier": "terraform-sa@bennutritioniste-ai.iam.gserviceaccount.com"
                },
                "effective_labels": {
                  "cloud.googleapis.com/location": "us-east4",
                  "run.googleapis.com/satisfiesPzs": "true"
                },
                "generation": 4,
                "labels": {},
                "namespace": "bennutritioniste-ai",
                "resource_version": "AAZE1H83Ks8",
                "self_link": "/apis/serving.knative.dev/v1/namespaces/159044106998/services/instagram-agent",
                "terraform_labels": {},
                "uid": "ae93ba38-0d75-4c7d-9a47-adfc6aa35076"
              }
            ],
            "name": "instagram-agent",
            "project": "bennutritioniste-ai",
            "status": [
              {
                "conditions": [
                  {
                    "message": "Revision 'instagram-agent-00004-rwk' is not ready and cannot serve traffic. Image 'us-east4-docker.pkg.dev/bennutritioniste-ai/bennutritioniste-ai-docker-repo/ben-nutritionist:latest' not found.",
                    "reason": "RevisionFailed",
                    "status": "False",
                    "type": "Ready"
                  },
                  {
                    "message": "Image 'us-east4-docker.pkg.dev/bennutritioniste-ai/bennutritioniste-ai-docker-repo/ben-nutritionist:latest' not found.",
                    "reason": "",
                    "status": "False",
                    "type": "ConfigurationsReady"
                  },
                  {
                    "message": "Revision 'instagram-agent-00004-rwk' is not ready and cannot serve traffic. Image 'us-east4-docker.pkg.dev/bennutritioniste-ai/bennutritioniste-ai-docker-repo/ben-nutritionist:latest' not found.",
                    "reason": "RevisionFailed",
                    "status": "False",
                    "type": "RoutesReady"
                  }
                ],
                "latest_created_revision_name": "instagram-agent-00004-rwk",
                "latest_ready_revision_name": "instagram-agent-00003-4ns",
                "observed_generation": 4,
                "traffic": [
                  {
                    "latest_revision": true,
                    "percent": 100,
                    "revision_name": "instagram-agent-00003-4ns",
                    "tag": "",
                    "url": ""
                  }
                ],
                "url": "https://instagram-agent-3ow3adr3na-uk.a.run.app"
              }
            ],
            "template": [
              {
                "metadata": [
                  {
                    "annotations": {
                      "autoscaling.knative.dev/maxScale": "10",
                      "run.googleapis.com/client-name": "gcloud",
                      "run.googleapis.com/client-version": "532.0.0"
                    },
                    "generation": 0,
                    "labels": {
                      "client.knative.dev/nonce": "btkbfxgndp",
                      "run.googleapis.com/startupProbeType": "Default"
                    },
                    "name": "",
                    "namespace": "",
                    "resource_version": "",
                    "self_link": "",
                    "uid": ""
                  }
                ],
                "spec": [
                  {
                    "container_concurrency": 80,
                    "containers": [
                      {
                        "args": [],
                        "command": [],
                        "env": [
                          {
                            "name": "GCS_BUCKET",
                            "value": "bennutritioniste-ai-dev-videos",
                            "value_from": []
                          },
                          {
                            "name": "GOOGLE_CLOUD_PROJECT",
                            "value": "bennutritioniste-ai",
                            "value_from": []
                          }
                        ],
                        "env_from": [],
                        "image": "us-east4-docker.pkg.dev/bennutritioniste-ai/bennutritioniste-ai-docker-repo/ben-nutritionist:v2.0.0",
                        "liveness_probe": [],
                        "name": "",
                        "ports": [
                          {
                            "container_port": 8080,
                            "name": "http1",
                            "protocol": ""
                          }
                        ],
                        "readiness_probe": [],
                        "resources": [
                          {
                            "limits": {
                              "cpu": "1",
                              "memory": "512Mi"
                            },
                            "requests": {}
                          }
                        ],
                        "startup_probe": [
                          {
                            "failure_threshold": 1,
                            "grpc": [],
                            "http_get": [],
                            "initial_delay_seconds": 0,
                            "period_seconds": 240,
                            "tcp_socket": [
                              {
                                "port": 8080
                              }
                            ],
                            "timeout_seconds": 240
                          }
                        ],
                        "volume_mounts": [],
                        "working_dir": ""
                      }
                    ],
                    "node_selector": {},
                    "service_account_name": "instagram-agent-dev-sa@bennutritioniste-ai.iam.gserviceaccount.com",
                    "serving_state": "",
                    "timeout_seconds": 300,
                    "volumes": []
                  }
                ]
              }
            ],
            "timeouts": null,
            "traffic": [
              {
                "latest_revision": true,
                "percent": 100,
                "revision_name": "",
                "tag": "",
                "url": ""
              }
            ]
          },
          "sensitive_attributes": [],
          "identity_schema_version": 0,
          "private": "eyJlMmJmYjczMC1lY2FhLTExZTYtOGY4OC0zNDM2M2JjN2M0YzAiOnsiY3JlYXRlIjoxMjAwMDAwMDAwMDAwLCJkZWxldGUiOjEyMDAwMDAwMDAwMDAsInVwZGF0ZSI6MTIwMDAwMDAwMDAwMH0sInNjaGVtYV92ZXJzaW9uIjoiMiJ9",
          "dependencies": [
            "google_service_account.sa",
            "google_storage_bucket.videos_bucket"
          ]
        }
      ]
    },
    {
      "mode": "managed",
      "type": "google_cloud_run_service_iam_member",
      "name": "noauth",
      "provider": "provider[\"registry.terraform.io/hashicorp/google\"]",
      "instances": [
        {
          "schema_version": 0,
          "attributes": {
            "condition": [],
            "etag": "BwZE1Fhxc/4=",
            "id": "v1/projects/bennutritioniste-ai/locations/us-east4/services/instagram-agent/roles/run.invoker/allUsers",
            "location": "us-east4",
            "member": "allUsers",
            "project": "bennutritioniste-ai",
            "role": "roles/run.invoker",
            "service": "v1/projects/bennutritioniste-ai/locations/us-east4/services/instagram-agent"
          },
          "sensitive_attributes": [],
          "identity_schema_version": 0,
          "private": "bnVsbA==",
          "dependencies": [
            "google_cloud_run_service.service",
            "google_service_account.sa",
            "google_storage_bucket.videos_bucket"
          ]
        }
      ]
    },
    {
      "mode": "managed",
      "type": "google_cloud_scheduler_job",
      "name": "scheduler_job",
      "provider": "provider[\"registry.terraform.io/hashicorp/google\"]",
      "instances": [
        {
          "schema_version": 0,
          "attributes": {
            "app_engine_http_target": [],
            "attempt_deadline": "180s",
            "description": "Trigger pipeline job on Cloud Run",
            "http_target": [
              {
                "body": "",
                "headers": {},
                "http_method": "POST",
                "oauth_token": [],
                "oidc_token": [
                  {
                    "audience": "https://https://instagram-agent-3ow3adr3na-uk.a.run.app",
                    "service_account_email": "instagram-agent-dev-sa@bennutritioniste-ai.iam.gserviceaccount.com"
                  }
                ],
                "uri": "https://https//instagram-agent-3ow3adr3na-uk.a.run.app/update"
              }
            ],
            "id": "projects/bennutritioniste-ai/locations/us-east4/jobs/instagram-agent-ingest-job",
            "name": "instagram-agent-ingest-job",
            "paused": false,
            "project": "bennutritioniste-ai",
            "pubsub_target": [],
            "region": "us-east4",
            "retry_config": [],
            "schedule": "0 */6 * * *",
            "state": "ENABLED",
            "time_zone": "UTC",
            "timeouts": null
          },
          "sensitive_attributes": [],
          "identity_schema_version": 0,
          "private": "eyJlMmJmYjczMC1lY2FhLTExZTYtOGY4OC0zNDM2M2JjN2M0YzAiOnsiY3JlYXRlIjoxMjAwMDAwMDAwMDAwLCJkZWxldGUiOjEyMDAwMDAwMDAwMDAsInVwZGF0ZSI6MTIwMDAwMDAwMDAwMH19",
          "dependencies": [
            "google_cloud_run_service.service",
            "google_service_account.sa",
            "google_storage_bucket.videos_bucket"
          ]
        }
      ]
    },
    {
      "mode": "managed",
      "type": "google_firestore_database",
      "name": "default",
      "provider": "provider[\"registry.terraform.io/hashicorp/google\"]",
      "instances": [
        {
          "schema_version": 0,
          "attributes": {
            "app_engine_integration_mode": "DISABLED",
            "cmek_config": [],
            "concurrency_mode": "PESSIMISTIC",
            "create_time": "2025-11-30T18:28:28.874137Z",
            "database_edition": "STANDARD",
            "delete_protection_state": "DELETE_PROTECTION_DISABLED",
            "deletion_policy": "ABANDON",
            "earliest_version_time": "2025-11-30T18:28:28.874137Z",
            "etag": "INnNmP/HmpEDMJnDxLvAmpED",
            "id": "projects/bennutritioniste-ai/databases/(default)",
            "key_prefix": "d",
            "location_id": "us-east4",
            "name": "(default)",
            "point_in_time_recovery_enablement": "POINT_IN_TIME_RECOVERY_DISABLED",
            "project": "bennutritioniste-ai",
            "tags": null,
            "timeouts": null,
            "type": "FIRESTORE_NATIVE",
            "uid": "99723ad4-d09b-44bb-930f-7e779126ef58",
            "update_time": "2025-11-30T18:28:28.874137Z",
            "version_retention_period": "3600s"
          },
          "sensitive_attributes": [],
          "identity_schema_version": 0,
          "private": "eyJlMmJmYjczMC1lY2FhLTExZTYtOGY4OC0zNDM2M2JjN2M0YzAiOnsiY3JlYXRlIjoxMjAwMDAwMDAwMDAwLCJkZWxldGUiOjEyMDAwMDAwMDAwMDAsInVwZGF0ZSI6MTIwMDAwMDAwMDAwMH19"
        }
      ]
    },
    {
      "mode": "managed",
      "type": "google_project_iam_member",
      "name": "sa_cloudbuild_service",
      "provider": "provider[\"registry.terraform.io/hashicorp/google\"]",
      "instances": [
        {
          "schema_version": 0,
          "attributes": {
            "condition": [],
            "etag": "BwZE1Adi1kA=",
            "id": "bennutritioniste-ai/roles/cloudbuild.builds.builder/serviceAccount:instagram-agent-dev-sa@bennutritioniste-ai.iam.gserviceaccount.com",
            "member": "serviceAccount:instagram-agent-dev-sa@bennutritioniste-ai.iam.gserviceaccount.com",
            "project": "bennutritioniste-ai",
            "role": "roles/cloudbuild.builds.builder"
          },
          "sensitive_attributes": [],
          "identity_schema_version": 0,
          "private": "bnVsbA==",
          "dependencies": [
            "google_service_account.sa"
          ]
        }
      ]
    },
    {
      "mode": "managed",
      "type": "google_project_iam_member",
      "name": "sa_pubsub_admin",
      "provider": "provider[\"registry.terraform.io/hashicorp/google\"]",
      "instances": [
        {
          "schema_version": 0,
          "attributes": {
            "condition": [],
            "etag": "BwZE1Adi1kA=",
            "id": "bennutritioniste-ai/roles/pubsub.editor/serviceAccount:instagram-agent-dev-sa@bennutritioniste-ai.iam.gserviceaccount.com",
            "member": "serviceAccount:instagram-agent-dev-sa@bennutritioniste-ai.iam.gserviceaccount.com",
            "project": "bennutritioniste-ai",
            "role": "roles/pubsub.editor"
          },
          "sensitive_attributes": [],
          "identity_schema_version": 0,
          "private": "bnVsbA==",
          "dependencies": [
            "google_service_account.sa"
          ]
        }
      ]
    },
    {
      "mode": "managed",
      "type": "google_project_iam_member",
      "name": "sa_run_invoker",
      "provider": "provider[\"registry.terraform.io/hashicorp/google\"]",
      "instances": [
        {
          "schema_version": 0,
          "attributes": {
            "condition": [],
            "etag": "BwZE1Adi1kA=",
            "id": "bennutritioniste-ai/roles/run.invoker/serviceAccount:instagram-agent-dev-sa@bennutritioniste-ai.iam.gserviceaccount.com",
            "member": "serviceAccount:instagram-agent-dev-sa@bennutritioniste-ai.iam.gserviceaccount.com",
            "project": "bennutritioniste-ai",
            "role": "roles/run.invoker"
          },
          "sensitive_attributes": [],
          "identity_schema_version": 0,
          "private": "bnVsbA==",
          "dependencies": [
            "google_service_account.sa"
          ]
        }
      ]
    },
    {
      "mode": "managed",
      "type": "google_project_iam_member",
      "name": "sa_storage_admin",
      "provider": "provider[\"registry.terraform.io/hashicorp/google\"]",
      "instances": [
        {
          "schema_version": 0,
          "attributes": {
            "condition": [],
            "etag": "BwZE1Adi1kA=",
            "id": "bennutritioniste-ai/roles/storage.admin/serviceAccount:instagram-agent-dev-sa@bennutritioniste-ai.iam.gserviceaccount.com",
            "member": "serviceAccount:instagram-agent-dev-sa@bennutritioniste-ai.iam.gserviceaccount.com",
            "project": "bennutritioniste-ai",
            "role": "roles/storage.admin"
          },
          "sensitive_attributes": [],
          "identity_schema_version": 0,
          "private": "bnVsbA==",
          "dependencies": [
            "google_service_account.sa"
          ]
        }
      ]
    },
    {
      "mode": "managed",
      "type": "google_service_account",
      "name": "sa",
      "provider": "provider[\"registry.terraform.io/hashicorp/google\"]",
      "instances": [
        {
          "schema_version": 0,
          "attributes": {
            "account_id": "instagram-agent-dev-sa",
            "create_ignore_already_exists": null,
            "description": "",
            "disabled": false,
            "display_name": "Service account for instagram-agent",
            "email": "instagram-agent-dev-sa@bennutritioniste-ai.iam.gserviceaccount.com",
            "id": "projects/bennutritioniste-ai/serviceAccounts/instagram-agent-dev-sa@bennutritioniste-ai.iam.gserviceaccount.com",
            "member": "serviceAccount:instagram-agent-dev-sa@bennutritioniste-ai.iam.gserviceaccount.com",
            "name": "projects/bennutritioniste-ai/serviceAccounts/instagram-agent-dev-sa@bennutritioniste-ai.iam.gserviceaccount.com",
            "project": "bennutritioniste-ai",
            "timeouts": null,
            "unique_id": "104028515713844150966"
          },
          "sensitive_attributes": [],
          "identity_schema_version": 0,
          "private": "eyJlMmJmYjczMC1lY2FhLTExZTYtOGY4OC0zNDM2M2JjN2M0YzAiOnsiY3JlYXRlIjozMDAwMDAwMDAwMDB9fQ=="
        }
      ]
    },
    {
      "mode": "managed",
      "type": "google_storage_bucket",
      "name": "videos_bucket",
      "provider": "provider[\"registry.terraform.io/hashicorp/google\"]",
      "instances": [
        {
          "schema_version": 4,
          "attributes": {
            "autoclass": [],
            "cors": [],
            "custom_placement_config": [],
            "default_event_based_hold": false,
            "effective_labels": {
              "goog-terraform-provisioned": "true"
            },
            "enable_object_retention": false,
            "encryption": [],
            "force_destroy": false,
            "hierarchical_namespace": [
              {
                "enabled": false
              }
            ],
            "id": "bennutritioniste-ai-dev-videos",
            "ip_filter": [],
            "labels": {},
            "lifecycle_rule": [
              {
                "action": [
                  {
                    "storage_class": "",
                    "type": "Delete"
                  }
                ],
                "condition": [
                  {
                    "age": 365,
                    "created_before": "",
                    "custom_time_before": "",
                    "days_since_custom_time": 0,
                    "days_since_noncurrent_time": 0,
                    "matches_prefix": [],
                    "matches_storage_class": [],
                    "matches_suffix": [],
                    "noncurrent_time_before": "",
                    "num_newer_versions": 0,
                    "send_age_if_zero": false,
                    "send_days_since_custom_time_if_zero": false,
                    "send_days_since_noncurrent_time_if_zero": false,
                    "send_num_newer_versions_if_zero": false,
                    "with_state": "ANY"
                  }
                ]
              }
            ],
            "location": "US-EAST4",
            "logging": [],
            "name": "bennutritioniste-ai-dev-videos",
            "project": "bennutritioniste-ai",
            "project_number": 159044106998,
            "public_access_prevention": "inherited",
            "requester_pays": false,
            "retention_policy": [],
            "rpo": null,
            "self_link": "https://www.googleapis.com/storage/v1/b/bennutritioniste-ai-dev-videos",
            "soft_delete_policy": [
              {
                "effective_time": "2025-11-30T18:26:54.023Z",
                "retention_duration_seconds": 604800
              }
            ],
            "storage_class": "STANDARD",
            "terraform_labels": {
              "goog-terraform-provisioned": "true"
            },
            "time_created": "2025-11-30T18:26:54.023Z",
            "timeouts": null,
            "uniform_bucket_level_access": true,
            "updated": "2025-11-30T18:26:54.023Z",
            "url": "gs://bennutritioniste-ai-dev-videos",
            "versioning": [],
            "website": []
          },
          "sensitive_attributes": [],
          "identity_schema_version": 0,
          "private": "eyJlMmJmYjczMC1lY2FhLTExZTYtOGY4OC0zNDM2M2JjN2M0YzAiOnsiY3JlYXRlIjo2MDAwMDAwMDAwMDAsInJlYWQiOjI0MDAwMDAwMDAwMCwidXBkYXRlIjoyNDAwMDAwMDAwMDB9LCJzY2hlbWFfdmVyc2lvbiI6IjQifQ=="
        }
      ]
    }
  ],
  "check_results": null
}
